// !$*UTF8*$!
{
	archiveVersion = 1;
	classes = {
	};
	objectVersion = 56;
	objects = {

/* Begin PBXBuildFile section */
		C3CCBE282B7182810075C619 /* HopperApp.swift in Sources */ = {isa = PBXBuildFile; fileRef = C3CCBE272B7182810075C619 /* HopperApp.swift */; };
		C3CCBE2A2B7182810075C619 /* ContentView.swift in Sources */ = {isa = PBXBuildFile; fileRef = C3CCBE292B7182810075C619 /* ContentView.swift */; };
		C3CCBE2C2B7182820075C619 /* Assets.xcassets in Resources */ = {isa = PBXBuildFile; fileRef = C3CCBE2B2B7182820075C619 /* Assets.xcassets */; };
		C3CCBE302B7182820075C619 /* Preview Assets.xcassets in Resources */ = {isa = PBXBuildFile; fileRef = C3CCBE2F2B7182820075C619 /* Preview Assets.xcassets */; };
		C3CCBE3A2B7182820075C619 /* HopperTests.swift in Sources */ = {isa = PBXBuildFile; fileRef = C3CCBE392B7182820075C619 /* HopperTests.swift */; };
		C3CCBE442B7182820075C619 /* HopperUITests.swift in Sources */ = {isa = PBXBuildFile; fileRef = C3CCBE432B7182820075C619 /* HopperUITests.swift */; };
		C3CCBE462B7182820075C619 /* HopperUITestsLaunchTests.swift in Sources */ = {isa = PBXBuildFile; fileRef = C3CCBE452B7182820075C619 /* HopperUITestsLaunchTests.swift */; };
		C3CCBE532B7193900075C619 /* AnimalDataService.swift in Sources */ = {isa = PBXBuildFile; fileRef = C3CCBE522B7193900075C619 /* AnimalDataService.swift */; };
		C3CCBE5D2B71CDC40075C619 /* AWSDynamoDB in Frameworks */ = {isa = PBXBuildFile; productRef = C3CCBE5C2B71CDC40075C619 /* AWSDynamoDB */; };
/* End PBXBuildFile section */

/* Begin PBXContainerItemProxy section */
		C3CCBE362B7182820075C619 /* PBXContainerItemProxy */ = {
			isa = PBXContainerItemProxy;
			containerPortal = C3CCBE1C2B7182810075C619 /* Project object */;
			proxyType = 1;
			remoteGlobalIDString = C3CCBE232B7182810075C619;
			remoteInfo = Hopper;
		};
		C3CCBE402B7182820075C619 /* PBXContainerItemProxy */ = {
			isa = PBXContainerItemProxy;
			containerPortal = C3CCBE1C2B7182810075C619 /* Project object */;
			proxyType = 1;
			remoteGlobalIDString = C3CCBE232B7182810075C619;
			remoteInfo = Hopper;
		};
/* End PBXContainerItemProxy section */

/* Begin PBXFileReference section */
		C3CCBE242B7182810075C619 /* Hopper.app */ = {isa = PBXFileReference; explicitFileType = wrapper.application; includeInIndex = 0; path = Hopper.app; sourceTree = BUILT_PRODUCTS_DIR; };
		C3CCBE272B7182810075C619 /* HopperApp.swift */ = {isa = PBXFileReference; lastKnownFileType = sourcecode.swift; path = HopperApp.swift; sourceTree = "<group>"; };
		C3CCBE292B7182810075C619 /* ContentView.swift */ = {isa = PBXFileReference; lastKnownFileType = sourcecode.swift; path = ContentView.swift; sourceTree = "<group>"; };
		C3CCBE2B2B7182820075C619 /* Assets.xcassets */ = {isa = PBXFileReference; lastKnownFileType = folder.assetcatalog; path = Assets.xcassets; sourceTree = "<group>"; };
		C3CCBE2D2B7182820075C619 /* Hopper.entitlements */ = {isa = PBXFileReference; lastKnownFileType = text.plist.entitlements; path = Hopper.entitlements; sourceTree = "<group>"; };
		C3CCBE2F2B7182820075C619 /* Preview Assets.xcassets */ = {isa = PBXFileReference; lastKnownFileType = folder.assetcatalog; path = "Preview Assets.xcassets"; sourceTree = "<group>"; };
		C3CCBE352B7182820075C619 /* HopperTests.xctest */ = {isa = PBXFileReference; explicitFileType = wrapper.cfbundle; includeInIndex = 0; path = HopperTests.xctest; sourceTree = BUILT_PRODUCTS_DIR; };
		C3CCBE392B7182820075C619 /* HopperTests.swift */ = {isa = PBXFileReference; lastKnownFileType = sourcecode.swift; path = HopperTests.swift; sourceTree = "<group>"; };
		C3CCBE3F2B7182820075C619 /* HopperUITests.xctest */ = {isa = PBXFileReference; explicitFileType = wrapper.cfbundle; includeInIndex = 0; path = HopperUITests.xctest; sourceTree = BUILT_PRODUCTS_DIR; };
		C3CCBE432B7182820075C619 /* HopperUITests.swift */ = {isa = PBXFileReference; lastKnownFileType = sourcecode.swift; path = HopperUITests.swift; sourceTree = "<group>"; };
		C3CCBE452B7182820075C619 /* HopperUITestsLaunchTests.swift */ = {isa = PBXFileReference; lastKnownFileType = sourcecode.swift; path = HopperUITestsLaunchTests.swift; sourceTree = "<group>"; };
		C3CCBE522B7193900075C619 /* AnimalDataService.swift */ = {isa = PBXFileReference; lastKnownFileType = sourcecode.swift; path = AnimalDataService.swift; sourceTree = "<group>"; };
/* End PBXFileReference section */

/* Begin PBXFrameworksBuildPhase section */
		C3CCBE212B7182810075C619 /* Frameworks */ = {
			isa = PBXFrameworksBuildPhase;
			buildActionMask = 2147483647;
			files = (
				C3CCBE5D2B71CDC40075C619 /* AWSDynamoDB in Frameworks */,
			);
			runOnlyForDeploymentPostprocessing = 0;
		};
		C3CCBE322B7182820075C619 /* Frameworks */ = {
			isa = PBXFrameworksBuildPhase;
			buildActionMask = 2147483647;
			files = (
			);
			runOnlyForDeploymentPostprocessing = 0;
		};
		C3CCBE3C2B7182820075C619 /* Frameworks */ = {
			isa = PBXFrameworksBuildPhase;
			buildActionMask = 2147483647;
			files = (
			);
			runOnlyForDeploymentPostprocessing = 0;
		};
/* End PBXFrameworksBuildPhase section */

/* Begin PBXGroup section */
		C3CCBE1B2B7182810075C619 = {
			isa = PBXGroup;
			children = (
				C3CCBE262B7182810075C619 /* Hopper */,
				C3CCBE382B7182820075C619 /* HopperTests */,
				C3CCBE422B7182820075C619 /* HopperUITests */,
				C3CCBE252B7182810075C619 /* Products */,
				C3CCBE5B2B71CDC40075C619 /* Frameworks */,
			);
			sourceTree = "<group>";
		};
		C3CCBE252B7182810075C619 /* Products */ = {
			isa = PBXGroup;
			children = (
				C3CCBE242B7182810075C619 /* Hopper.app */,
				C3CCBE352B7182820075C619 /* HopperTests.xctest */,
				C3CCBE3F2B7182820075C619 /* HopperUITests.xctest */,
			);
			name = Products;
			sourceTree = "<group>";
		};
		C3CCBE262B7182810075C619 /* Hopper */ = {
			isa = PBXGroup;
			children = (
				C3CCBE272B7182810075C619 /* HopperApp.swift */,
				C3CCBE292B7182810075C619 /* ContentView.swift */,
				C3CCBE2B2B7182820075C619 /* Assets.xcassets */,
				C3CCBE2D2B7182820075C619 /* Hopper.entitlements */,
				C3CCBE2E2B7182820075C619 /* Preview Content */,
				C3CCBE522B7193900075C619 /* AnimalDataService.swift */,
			);
			path = Hopper;
			sourceTree = "<group>";
		};
		C3CCBE2E2B7182820075C619 /* Preview Content */ = {
			isa = PBXGroup;
			children = (
				C3CCBE2F2B7182820075C619 /* Preview Assets.xcassets */,
			);
			path = "Preview Content";
			sourceTree = "<group>";
		};
		C3CCBE382B7182820075C619 /* HopperTests */ = {
			isa = PBXGroup;
			children = (
				C3CCBE392B7182820075C619 /* HopperTests.swift */,
			);
			path = HopperTests;
			sourceTree = "<group>";
		};
		C3CCBE422B7182820075C619 /* HopperUITests */ = {
			isa = PBXGroup;
			children = (
				C3CCBE432B7182820075C619 /* HopperUITests.swift */,
				C3CCBE452B7182820075C619 /* HopperUITestsLaunchTests.swift */,
			);
			path = HopperUITests;
			sourceTree = "<group>";
		};
		C3CCBE5B2B71CDC40075C619 /* Frameworks */ = {
			isa = PBXGroup;
			children = (
			);
			name = Frameworks;
			sourceTree = "<group>";
		};
/* End PBXGroup section */

/* Begin PBXNativeTarget section */
		C3CCBE232B7182810075C619 /* Hopper */ = {
			isa = PBXNativeTarget;
			buildConfigurationList = C3CCBE492B7182820075C619 /* Build configuration list for PBXNativeTarget "Hopper" */;
			buildPhases = (
				C3CCBE202B7182810075C619 /* Sources */,
				C3CCBE212B7182810075C619 /* Frameworks */,
				C3CCBE222B7182810075C619 /* Resources */,
			);
			buildRules = (
			);
			dependencies = (
				C3CCBE5A2B71CD900075C619 /* PBXTargetDependency */,
			);
			name = Hopper;
			packageProductDependencies = (
				C3CCBE5C2B71CDC40075C619 /* AWSDynamoDB */,
			);
			productName = Hopper;
			productReference = C3CCBE242B7182810075C619 /* Hopper.app */;
			productType = "com.apple.product-type.application";
		};
		C3CCBE342B7182820075C619 /* HopperTests */ = {
			isa = PBXNativeTarget;
			buildConfigurationList = C3CCBE4C2B7182820075C619 /* Build configuration list for PBXNativeTarget "HopperTests" */;
			buildPhases = (
				C3CCBE312B7182820075C619 /* Sources */,
				C3CCBE322B7182820075C619 /* Frameworks */,
				C3CCBE332B7182820075C619 /* Resources */,
			);
			buildRules = (
			);
			dependencies = (
				C3CCBE372B7182820075C619 /* PBXTargetDependency */,
			);
			name = HopperTests;
			productName = HopperTests;
			productReference = C3CCBE352B7182820075C619 /* HopperTests.xctest */;
			productType = "com.apple.product-type.bundle.unit-test";
		};
		C3CCBE3E2B7182820075C619 /* HopperUITests */ = {
			isa = PBXNativeTarget;
			buildConfigurationList = C3CCBE4F2B7182820075C619 /* Build configuration list for PBXNativeTarget "HopperUITests" */;
			buildPhases = (
				C3CCBE3B2B7182820075C619 /* Sources */,
				C3CCBE3C2B7182820075C619 /* Frameworks */,
				C3CCBE3D2B7182820075C619 /* Resources */,
			);
			buildRules = (
			);
			dependencies = (
				C3CCBE412B7182820075C619 /* PBXTargetDependency */,
			);
			name = HopperUITests;
			productName = HopperUITests;
			productReference = C3CCBE3F2B7182820075C619 /* HopperUITests.xctest */;
			productType = "com.apple.product-type.bundle.ui-testing";
		};
/* End PBXNativeTarget section */

/* Begin PBXProject section */
		C3CCBE1C2B7182810075C619 /* Project object */ = {
			isa = PBXProject;
			attributes = {
				BuildIndependentTargetsInParallel = 1;
				LastSwiftUpdateCheck = 1500;
				LastUpgradeCheck = 1500;
				TargetAttributes = {
					C3CCBE232B7182810075C619 = {
						CreatedOnToolsVersion = 15.0.1;
					};
					C3CCBE342B7182820075C619 = {
						CreatedOnToolsVersion = 15.0.1;
						TestTargetID = C3CCBE232B7182810075C619;
					};
					C3CCBE3E2B7182820075C619 = {
						CreatedOnToolsVersion = 15.0.1;
						TestTargetID = C3CCBE232B7182810075C619;
					};
				};
			};
			buildConfigurationList = C3CCBE1F2B7182810075C619 /* Build configuration list for PBXProject "Hopper" */;
			compatibilityVersion = "Xcode 14.0";
			developmentRegion = en;
			hasScannedForEncodings = 0;
			knownRegions = (
				en,
				Base,
			);
			mainGroup = C3CCBE1B2B7182810075C619;
			packageReferences = (
				C3CCBE562B71B5EE0075C619 /* XCRemoteSwiftPackageReference "aws-sdk-swift" */,
			);
			productRefGroup = C3CCBE252B7182810075C619 /* Products */;
			projectDirPath = "";
			projectRoot = "";
			targets = (
				C3CCBE232B7182810075C619 /* Hopper */,
				C3CCBE342B7182820075C619 /* HopperTests */,
				C3CCBE3E2B7182820075C619 /* HopperUITests */,
			);
		};
/* End PBXProject section */

/* Begin PBXResourcesBuildPhase section */
		C3CCBE222B7182810075C619 /* Resources */ = {
			isa = PBXResourcesBuildPhase;
			buildActionMask = 2147483647;
			files = (
				C3CCBE302B7182820075C619 /* Preview Assets.xcassets in Resources */,
				C3CCBE2C2B7182820075C619 /* Assets.xcassets in Resources */,
			);
			runOnlyForDeploymentPostprocessing = 0;
		};
		C3CCBE332B7182820075C619 /* Resources */ = {
			isa = PBXResourcesBuildPhase;
			buildActionMask = 2147483647;
			files = (
			);
			runOnlyForDeploymentPostprocessing = 0;
		};
		C3CCBE3D2B7182820075C619 /* Resources */ = {
			isa = PBXResourcesBuildPhase;
			buildActionMask = 2147483647;
			files = (
			);
			runOnlyForDeploymentPostprocessing = 0;
		};
/* End PBXResourcesBuildPhase section */

/* Begin PBXSourcesBuildPhase section */
		C3CCBE202B7182810075C619 /* Sources */ = {
			isa = PBXSourcesBuildPhase;
			buildActionMask = 2147483647;
			files = (
				C3CCBE2A2B7182810075C619 /* ContentView.swift in Sources */,
				C3CCBE532B7193900075C619 /* AnimalDataService.swift in Sources */,
				C3CCBE282B7182810075C619 /* HopperApp.swift in Sources */,
			);
			runOnlyForDeploymentPostprocessing = 0;
		};
		C3CCBE312B7182820075C619 /* Sources */ = {
			isa = PBXSourcesBuildPhase;
			buildActionMask = 2147483647;
			files = (
				C3CCBE3A2B7182820075C619 /* HopperTests.swift in Sources */,
			);
			runOnlyForDeploymentPostprocessing = 0;
		};
		C3CCBE3B2B7182820075C619 /* Sources */ = {
			isa = PBXSourcesBuildPhase;
			buildActionMask = 2147483647;
			files = (
				C3CCBE462B7182820075C619 /* HopperUITestsLaunchTests.swift in Sources */,
				C3CCBE442B7182820075C619 /* HopperUITests.swift in Sources */,
			);
			runOnlyForDeploymentPostprocessing = 0;
		};
/* End PBXSourcesBuildPhase section */

/* Begin PBXTargetDependency section */
		C3CCBE372B7182820075C619 /* PBXTargetDependency */ = {
			isa = PBXTargetDependency;
			target = C3CCBE232B7182810075C619 /* Hopper */;
			targetProxy = C3CCBE362B7182820075C619 /* PBXContainerItemProxy */;
		};
		C3CCBE412B7182820075C619 /* PBXTargetDependency */ = {
			isa = PBXTargetDependency;
			target = C3CCBE232B7182810075C619 /* Hopper */;
			targetProxy = C3CCBE402B7182820075C619 /* PBXContainerItemProxy */;
		};
		C3CCBE5A2B71CD900075C619 /* PBXTargetDependency */ = {
			isa = PBXTargetDependency;
			productRef = C3CCBE592B71CD900075C619 /* AWSDynamoDB */;
		};
/* End PBXTargetDependency section */

/* Begin XCBuildConfiguration section */
		C3CCBE472B7182820075C619 /* Debug */ = {
			isa = XCBuildConfiguration;
			buildSettings = {
				ALWAYS_SEARCH_USER_PATHS = NO;
				ASSETCATALOG_COMPILER_GENERATE_SWIFT_ASSET_SYMBOL_EXTENSIONS = YES;
				CLANG_ANALYZER_NONNULL = YES;
				CLANG_ANALYZER_NUMBER_OBJECT_CONVERSION = YES_AGGRESSIVE;
				CLANG_CXX_LANGUAGE_STANDARD = "gnu++20";
				CLANG_ENABLE_MODULES = YES;
				CLANG_ENABLE_OBJC_ARC = YES;
				CLANG_ENABLE_OBJC_WEAK = YES;
				CLANG_WARN_BLOCK_CAPTURE_AUTORELEASING = YES;
				CLANG_WARN_BOOL_CONVERSION = YES;
				CLANG_WARN_COMMA = YES;
				CLANG_WARN_CONSTANT_CONVERSION = YES;
				CLANG_WARN_DEPRECATED_OBJC_IMPLEMENTATIONS = YES;
				CLANG_WARN_DIRECT_OBJC_ISA_USAGE = YES_ERROR;
				CLANG_WARN_DOCUMENTATION_COMMENTS = YES;
				CLANG_WARN_EMPTY_BODY = YES;
				CLANG_WARN_ENUM_CONVERSION = YES;
				CLANG_WARN_INFINITE_RECURSION = YES;
				CLANG_WARN_INT_CONVERSION = YES;
				CLANG_WARN_NON_LITERAL_NULL_CONVERSION = YES;
				CLANG_WARN_OBJC_IMPLICIT_RETAIN_SELF = YES;
				CLANG_WARN_OBJC_LITERAL_CONVERSION = YES;
				CLANG_WARN_OBJC_ROOT_CLASS = YES_ERROR;
				CLANG_WARN_QUOTED_INCLUDE_IN_FRAMEWORK_HEADER = YES;
				CLANG_WARN_RANGE_LOOP_ANALYSIS = YES;
				CLANG_WARN_STRICT_PROTOTYPES = YES;
				CLANG_WARN_SUSPICIOUS_MOVE = YES;
				CLANG_WARN_UNGUARDED_AVAILABILITY = YES_AGGRESSIVE;
				CLANG_WARN_UNREACHABLE_CODE = YES;
				CLANG_WARN__DUPLICATE_METHOD_MATCH = YES;
				COPY_PHASE_STRIP = NO;
				DEBUG_INFORMATION_FORMAT = dwarf;
				ENABLE_STRICT_OBJC_MSGSEND = YES;
				ENABLE_TESTABILITY = YES;
				ENABLE_USER_SCRIPT_SANDBOXING = YES;
				GCC_C_LANGUAGE_STANDARD = gnu17;
				GCC_DYNAMIC_NO_PIC = NO;
				GCC_NO_COMMON_BLOCKS = YES;
				GCC_OPTIMIZATION_LEVEL = 0;
				GCC_PREPROCESSOR_DEFINITIONS = (
					"DEBUG=1",
					"$(inherited)",
				);
				GCC_WARN_64_TO_32_BIT_CONVERSION = YES;
				GCC_WARN_ABOUT_RETURN_TYPE = YES_ERROR;
				GCC_WARN_UNDECLARED_SELECTOR = YES;
				GCC_WARN_UNINITIALIZED_AUTOS = YES_AGGRESSIVE;
				GCC_WARN_UNUSED_FUNCTION = YES;
				GCC_WARN_UNUSED_VARIABLE = YES;
				LOCALIZATION_PREFERS_STRING_CATALOGS = YES;
				MTL_ENABLE_DEBUG_INFO = INCLUDE_SOURCE;
				MTL_FAST_MATH = YES;
				ONLY_ACTIVE_ARCH = YES;
				SWIFT_ACTIVE_COMPILATION_CONDITIONS = "DEBUG $(inherited)";
				SWIFT_OPTIMIZATION_LEVEL = "-Onone";
			};
			name = Debug;
		};
		C3CCBE482B7182820075C619 /* Release */ = {
			isa = XCBuildConfiguration;
			buildSettings = {
				ALWAYS_SEARCH_USER_PATHS = NO;
				ASSETCATALOG_COMPILER_GENERATE_SWIFT_ASSET_SYMBOL_EXTENSIONS = YES;
				CLANG_ANALYZER_NONNULL = YES;
				CLANG_ANALYZER_NUMBER_OBJECT_CONVERSION = YES_AGGRESSIVE;
				CLANG_CXX_LANGUAGE_STANDARD = "gnu++20";
				CLANG_ENABLE_MODULES = YES;
				CLANG_ENABLE_OBJC_ARC = YES;
				CLANG_ENABLE_OBJC_WEAK = YES;
				CLANG_WARN_BLOCK_CAPTURE_AUTORELEASING = YES;
				CLANG_WARN_BOOL_CONVERSION = YES;
				CLANG_WARN_COMMA = YES;
				CLANG_WARN_CONSTANT_CONVERSION = YES;
				CLANG_WARN_DEPRECATED_OBJC_IMPLEMENTATIONS = YES;
				CLANG_WARN_DIRECT_OBJC_ISA_USAGE = YES_ERROR;
				CLANG_WARN_DOCUMENTATION_COMMENTS = YES;
				CLANG_WARN_EMPTY_BODY = YES;
				CLANG_WARN_ENUM_CONVERSION = YES;
				CLANG_WARN_INFINITE_RECURSION = YES;
				CLANG_WARN_INT_CONVERSION = YES;
				CLANG_WARN_NON_LITERAL_NULL_CONVERSION = YES;
				CLANG_WARN_OBJC_IMPLICIT_RETAIN_SELF = YES;
				CLANG_WARN_OBJC_LITERAL_CONVERSION = YES;
				CLANG_WARN_OBJC_ROOT_CLASS = YES_ERROR;
				CLANG_WARN_QUOTED_INCLUDE_IN_FRAMEWORK_HEADER = YES;
				CLANG_WARN_RANGE_LOOP_ANALYSIS = YES;
				CLANG_WARN_STRICT_PROTOTYPES = YES;
				CLANG_WARN_SUSPICIOUS_MOVE = YES;
				CLANG_WARN_UNGUARDED_AVAILABILITY = YES_AGGRESSIVE;
				CLANG_WARN_UNREACHABLE_CODE = YES;
				CLANG_WARN__DUPLICATE_METHOD_MATCH = YES;
				COPY_PHASE_STRIP = NO;
				DEBUG_INFORMATION_FORMAT = "dwarf-with-dsym";
				ENABLE_NS_ASSERTIONS = NO;
				ENABLE_STRICT_OBJC_MSGSEND = YES;
				ENABLE_USER_SCRIPT_SANDBOXING = YES;
				GCC_C_LANGUAGE_STANDARD = gnu17;
				GCC_NO_COMMON_BLOCKS = YES;
				GCC_WARN_64_TO_32_BIT_CONVERSION = YES;
				GCC_WARN_ABOUT_RETURN_TYPE = YES_ERROR;
				GCC_WARN_UNDECLARED_SELECTOR = YES;
				GCC_WARN_UNINITIALIZED_AUTOS = YES_AGGRESSIVE;
				GCC_WARN_UNUSED_FUNCTION = YES;
				GCC_WARN_UNUSED_VARIABLE = YES;
				LOCALIZATION_PREFERS_STRING_CATALOGS = YES;
				MTL_ENABLE_DEBUG_INFO = NO;
				MTL_FAST_MATH = YES;
				SWIFT_COMPILATION_MODE = wholemodule;
			};
			name = Release;
		};
		C3CCBE4A2B7182820075C619 /* Debug */ = {
			isa = XCBuildConfiguration;
			buildSettings = {
				ASSETCATALOG_COMPILER_APPICON_NAME = AppIcon;
				ASSETCATALOG_COMPILER_GLOBAL_ACCENT_COLOR_NAME = AccentColor;
				CODE_SIGN_ENTITLEMENTS = Hopper/Hopper.entitlements;
				CODE_SIGN_STYLE = Automatic;
				CURRENT_PROJECT_VERSION = 1;
				DEVELOPMENT_ASSET_PATHS = "\"Hopper/Preview Content\"";
				DEVELOPMENT_TEAM = B3RDH34RP7;
				ENABLE_HARDENED_RUNTIME = YES;
				ENABLE_PREVIEWS = YES;
				GENERATE_INFOPLIST_FILE = YES;
				"INFOPLIST_KEY_UIApplicationSceneManifest_Generation[sdk=iphoneos*]" = YES;
				"INFOPLIST_KEY_UIApplicationSceneManifest_Generation[sdk=iphonesimulator*]" = YES;
				"INFOPLIST_KEY_UIApplicationSupportsIndirectInputEvents[sdk=iphoneos*]" = YES;
				"INFOPLIST_KEY_UIApplicationSupportsIndirectInputEvents[sdk=iphonesimulator*]" = YES;
				"INFOPLIST_KEY_UILaunchScreen_Generation[sdk=iphoneos*]" = YES;
				"INFOPLIST_KEY_UILaunchScreen_Generation[sdk=iphonesimulator*]" = YES;
				"INFOPLIST_KEY_UIStatusBarStyle[sdk=iphoneos*]" = UIStatusBarStyleDefault;
				"INFOPLIST_KEY_UIStatusBarStyle[sdk=iphonesimulator*]" = UIStatusBarStyleDefault;
				INFOPLIST_KEY_UISupportedInterfaceOrientations_iPad = "UIInterfaceOrientationPortrait UIInterfaceOrientationPortraitUpsideDown UIInterfaceOrientationLandscapeLeft UIInterfaceOrientationLandscapeRight";
				INFOPLIST_KEY_UISupportedInterfaceOrientations_iPhone = "UIInterfaceOrientationPortrait UIInterfaceOrientationLandscapeLeft UIInterfaceOrientationLandscapeRight";
				IPHONEOS_DEPLOYMENT_TARGET = 17.0;
				LD_RUNPATH_SEARCH_PATHS = "@executable_path/Frameworks";
				"LD_RUNPATH_SEARCH_PATHS[sdk=macosx*]" = "@executable_path/../Frameworks";
				MACOSX_DEPLOYMENT_TARGET = 14.0;
				MARKETING_VERSION = 1.0;
				NEW_SETTING = "";
				PRODUCT_BUNDLE_IDENTIFIER = Hopper.Hopper;
				PRODUCT_NAME = "$(TARGET_NAME)";
				SDKROOT = auto;
				SUPPORTED_PLATFORMS = "iphoneos iphonesimulator macosx";
				SWIFT_EMIT_LOC_STRINGS = YES;
				SWIFT_VERSION = 5.0;
				TARGETED_DEVICE_FAMILY = "1,2";
			};
			name = Debug;
		};
		C3CCBE4B2B7182820075C619 /* Release */ = {
			isa = XCBuildConfiguration;
			buildSettings = {
				ASSETCATALOG_COMPILER_APPICON_NAME = AppIcon;
				ASSETCATALOG_COMPILER_GLOBAL_ACCENT_COLOR_NAME = AccentColor;
				CODE_SIGN_ENTITLEMENTS = Hopper/Hopper.entitlements;
				CODE_SIGN_STYLE = Automatic;
				CURRENT_PROJECT_VERSION = 1;
				DEVELOPMENT_ASSET_PATHS = "\"Hopper/Preview Content\"";
				DEVELOPMENT_TEAM = B3RDH34RP7;
				ENABLE_HARDENED_RUNTIME = YES;
				ENABLE_PREVIEWS = YES;
				GENERATE_INFOPLIST_FILE = YES;
				"INFOPLIST_KEY_UIApplicationSceneManifest_Generation[sdk=iphoneos*]" = YES;
				"INFOPLIST_KEY_UIApplicationSceneManifest_Generation[sdk=iphonesimulator*]" = YES;
				"INFOPLIST_KEY_UIApplicationSupportsIndirectInputEvents[sdk=iphoneos*]" = YES;
				"INFOPLIST_KEY_UIApplicationSupportsIndirectInputEvents[sdk=iphonesimulator*]" = YES;
				"INFOPLIST_KEY_UILaunchScreen_Generation[sdk=iphoneos*]" = YES;
				"INFOPLIST_KEY_UILaunchScreen_Generation[sdk=iphonesimulator*]" = YES;
				"INFOPLIST_KEY_UIStatusBarStyle[sdk=iphoneos*]" = UIStatusBarStyleDefault;
				"INFOPLIST_KEY_UIStatusBarStyle[sdk=iphonesimulator*]" = UIStatusBarStyleDefault;
				INFOPLIST_KEY_UISupportedInterfaceOrientations_iPad = "UIInterfaceOrientationPortrait UIInterfaceOrientationPortraitUpsideDown UIInterfaceOrientationLandscapeLeft UIInterfaceOrientationLandscapeRight";
				INFOPLIST_KEY_UISupportedInterfaceOrientations_iPhone = "UIInterfaceOrientationPortrait UIInterfaceOrientationLandscapeLeft UIInterfaceOrientationLandscapeRight";
				IPHONEOS_DEPLOYMENT_TARGET = 17.0;
				LD_RUNPATH_SEARCH_PATHS = "@executable_path/Frameworks";
				"LD_RUNPATH_SEARCH_PATHS[sdk=macosx*]" = "@executable_path/../Frameworks";
				MACOSX_DEPLOYMENT_TARGET = 14.0;
				MARKETING_VERSION = 1.0;
				NEW_SETTING = "";
				PRODUCT_BUNDLE_IDENTIFIER = Hopper.Hopper;
				PRODUCT_NAME = "$(TARGET_NAME)";
				SDKROOT = auto;
				SUPPORTED_PLATFORMS = "iphoneos iphonesimulator macosx";
				SWIFT_EMIT_LOC_STRINGS = YES;
				SWIFT_VERSION = 5.0;
				TARGETED_DEVICE_FAMILY = "1,2";
			};
			name = Release;
		};
		C3CCBE4D2B7182820075C619 /* Debug */ = {
			isa = XCBuildConfiguration;
			buildSettings = {
				ALWAYS_EMBED_SWIFT_STANDARD_LIBRARIES = YES;
				BUNDLE_LOADER = "$(TEST_HOST)";
				CODE_SIGN_STYLE = Automatic;
				CURRENT_PROJECT_VERSION = 1;
				DEVELOPMENT_TEAM = B3RDH34RP7;
				GENERATE_INFOPLIST_FILE = YES;
				IPHONEOS_DEPLOYMENT_TARGET = 17.0;
				MACOSX_DEPLOYMENT_TARGET = 14.0;
				MARKETING_VERSION = 1.0;
				PRODUCT_BUNDLE_IDENTIFIER = Hopper.HopperTests;
				PRODUCT_NAME = "$(TARGET_NAME)";
				SDKROOT = auto;
				SUPPORTED_PLATFORMS = "iphoneos iphonesimulator macosx";
				SWIFT_EMIT_LOC_STRINGS = NO;
				SWIFT_VERSION = 5.0;
				TARGETED_DEVICE_FAMILY = "1,2";
				TEST_HOST = "$(BUILT_PRODUCTS_DIR)/Hopper.app/$(BUNDLE_EXECUTABLE_FOLDER_PATH)/Hopper";
			};
			name = Debug;
		};
		C3CCBE4E2B7182820075C619 /* Release */ = {
			isa = XCBuildConfiguration;
			buildSettings = {
				ALWAYS_EMBED_SWIFT_STANDARD_LIBRARIES = YES;
				BUNDLE_LOADER = "$(TEST_HOST)";
				CODE_SIGN_STYLE = Automatic;
				CURRENT_PROJECT_VERSION = 1;
				DEVELOPMENT_TEAM = B3RDH34RP7;
				GENERATE_INFOPLIST_FILE = YES;
				IPHONEOS_DEPLOYMENT_TARGET = 17.0;
				MACOSX_DEPLOYMENT_TARGET = 14.0;
				MARKETING_VERSION = 1.0;
				PRODUCT_BUNDLE_IDENTIFIER = Hopper.HopperTests;
				PRODUCT_NAME = "$(TARGET_NAME)";
				SDKROOT = auto;
				SUPPORTED_PLATFORMS = "iphoneos iphonesimulator macosx";
				SWIFT_EMIT_LOC_STRINGS = NO;
				SWIFT_VERSION = 5.0;
				TARGETED_DEVICE_FAMILY = "1,2";
				TEST_HOST = "$(BUILT_PRODUCTS_DIR)/Hopper.app/$(BUNDLE_EXECUTABLE_FOLDER_PATH)/Hopper";
			};
			name = Release;
		};
		C3CCBE502B7182820075C619 /* Debug */ = {
			isa = XCBuildConfiguration;
			buildSettings = {
				ALWAYS_EMBED_SWIFT_STANDARD_LIBRARIES = YES;
				CODE_SIGN_STYLE = Automatic;
				CURRENT_PROJECT_VERSION = 1;
				DEVELOPMENT_TEAM = B3RDH34RP7;
				GENERATE_INFOPLIST_FILE = YES;
				IPHONEOS_DEPLOYMENT_TARGET = 17.0;
				MACOSX_DEPLOYMENT_TARGET = 14.0;
				MARKETING_VERSION = 1.0;
				PRODUCT_BUNDLE_IDENTIFIER = Hopper.HopperUITests;
				PRODUCT_NAME = "$(TARGET_NAME)";
				SDKROOT = auto;
				SUPPORTED_PLATFORMS = "iphoneos iphonesimulator macosx";
				SWIFT_EMIT_LOC_STRINGS = NO;
				SWIFT_VERSION = 5.0;
				TARGETED_DEVICE_FAMILY = "1,2";
				TEST_TARGET_NAME = Hopper;
			};
			name = Debug;
		};
		C3CCBE512B7182820075C619 /* Release */ = {
			isa = XCBuildConfiguration;
			buildSettings = {
				ALWAYS_EMBED_SWIFT_STANDARD_LIBRARIES = YES;
				CODE_SIGN_STYLE = Automatic;
				CURRENT_PROJECT_VERSION = 1;
				DEVELOPMENT_TEAM = B3RDH34RP7;
				GENERATE_INFOPLIST_FILE = YES;
				IPHONEOS_DEPLOYMENT_TARGET = 17.0;
				MACOSX_DEPLOYMENT_TARGET = 14.0;
				MARKETING_VERSION = 1.0;
				PRODUCT_BUNDLE_IDENTIFIER = Hopper.HopperUITests;
				PRODUCT_NAME = "$(TARGET_NAME)";
				SDKROOT = auto;
				SUPPORTED_PLATFORMS = "iphoneos iphonesimulator macosx";
				SWIFT_EMIT_LOC_STRINGS = NO;
				SWIFT_VERSION = 5.0;
				TARGETED_DEVICE_FAMILY = "1,2";
				TEST_TARGET_NAME = Hopper;
			};
			name = Release;
		};
/* End XCBuildConfiguration section */

/* Begin XCConfigurationList section */
		C3CCBE1F2B7182810075C619 /* Build configuration list for PBXProject "Hopper" */ = {
			isa = XCConfigurationList;
			buildConfigurations = (
				C3CCBE472B7182820075C619 /* Debug */,
				C3CCBE482B7182820075C619 /* Release */,
			);
			defaultConfigurationIsVisible = 0;
			defaultConfigurationName = Release;
		};
		C3CCBE492B7182820075C619 /* Build configuration list for PBXNativeTarget "Hopper" */ = {
			isa = XCConfigurationList;
			buildConfigurations = (
				C3CCBE4A2B7182820075C619 /* Debug */,
				C3CCBE4B2B7182820075C619 /* Release */,
			);
			defaultConfigurationIsVisible = 0;
			defaultConfigurationName = Release;
		};
		C3CCBE4C2B7182820075C619 /* Build configuration list for PBXNativeTarget "HopperTests" */ = {
			isa = XCConfigurationList;
			buildConfigurations = (
				C3CCBE4D2B7182820075C619 /* Debug */,
				C3CCBE4E2B7182820075C619 /* Release */,
			);
			defaultConfigurationIsVisible = 0;
			defaultConfigurationName = Release;
		};
		C3CCBE4F2B7182820075C619 /* Build configuration list for PBXNativeTarget "HopperUITests" */ = {
			isa = XCConfigurationList;
			buildConfigurations = (
				C3CCBE502B7182820075C619 /* Debug */,
				C3CCBE512B7182820075C619 /* Release */,
			);
			defaultConfigurationIsVisible = 0;
			defaultConfigurationName = Release;
		};
/* End XCConfigurationList section */

/* Begin XCRemoteSwiftPackageReference section */
		C3CCBE562B71B5EE0075C619 /* XCRemoteSwiftPackageReference "aws-sdk-swift" */ = {
			isa = XCRemoteSwiftPackageReference;
			repositoryURL = "https://github.com/awslabs/aws-sdk-swift";
			requirement = {
				kind = upToNextMajorVersion;
				minimumVersion = 0.34.0;
			};
		};
/* End XCRemoteSwiftPackageReference section */

/* Begin XCSwiftPackageProductDependency section */
		C3CCBE592B71CD900075C619 /* AWSDynamoDB */ = {
			isa = XCSwiftPackageProductDependency;
			package = C3CCBE562B71B5EE0075C619 /* XCRemoteSwiftPackageReference "aws-sdk-swift" */;
			productName = AWSDynamoDB;
		};
		C3CCBE5C2B71CDC40075C619 /* AWSDynamoDB */ = {
			isa = XCSwiftPackageProductDependency;
			package = C3CCBE562B71B5EE0075C619 /* XCRemoteSwiftPackageReference "aws-sdk-swift" */;
			productName = AWSDynamoDB;
		};
/* End XCSwiftPackageProductDependency section */
	};
	rootObject = C3CCBE1C2B7182810075C619 /* Project object */;
}
